// !$*UTF8*$!
{
	archiveVersion = 1;
	classes = {
	};
	objectVersion = 55;
	objects = {

/* Begin PBXBuildFile section */
		141039CD2884DDEC00A122DD /* AppDelegate.swift in Sources */ = {isa = PBXBuildFile; fileRef = 141039CC2884DDEC00A122DD /* AppDelegate.swift */; };
		141039CF2884DDEC00A122DD /* SceneDelegate.swift in Sources */ = {isa = PBXBuildFile; fileRef = 141039CE2884DDEC00A122DD /* SceneDelegate.swift */; };
		141039D12884DDEC00A122DD /* ViewController.swift in Sources */ = {isa = PBXBuildFile; fileRef = 141039D02884DDEC00A122DD /* ViewController.swift */; };
		141039D42884DDEC00A122DD /* Main.storyboard in Resources */ = {isa = PBXBuildFile; fileRef = 141039D22884DDEC00A122DD /* Main.storyboard */; };
		141039D62884DDEE00A122DD /* Assets.xcassets in Resources */ = {isa = PBXBuildFile; fileRef = 141039D52884DDEE00A122DD /* Assets.xcassets */; };
		141039D92884DDEE00A122DD /* LaunchScreen.storyboard in Resources */ = {isa = PBXBuildFile; fileRef = 141039D72884DDEE00A122DD /* LaunchScreen.storyboard */; };
		141039E12884F10800A122DD /* Home.storyboard in Resources */ = {isa = PBXBuildFile; fileRef = 141039E02884F10800A122DD /* Home.storyboard */; };
		141039E32884FE3C00A122DD /* SettingTableViewController.swift in Sources */ = {isa = PBXBuildFile; fileRef = 141039E22884FE3C00A122DD /* SettingTableViewController.swift */; };
		141039E52885232200A122DD /* Setting.storyboard in Resources */ = {isa = PBXBuildFile; fileRef = 141039E42885232200A122DD /* Setting.storyboard */; };
		141039E82885389700A122DD /* CaseTableViewController.swift in Sources */ = {isa = PBXBuildFile; fileRef = 141039E72885389700A122DD /* CaseTableViewController.swift */; };
		144282102888E75000215F72 /* TrendTableViewController.swift in Sources */ = {isa = PBXBuildFile; fileRef = 1442820F2888E75000215F72 /* TrendTableViewController.swift */; };
		148316842886F04800A90D72 /* SearchTableViewController.swift in Sources */ = {isa = PBXBuildFile; fileRef = 148316832886F04800A90D72 /* SearchTableViewController.swift */; };
		148316862886F07C00A90D72 /* SearchTableViewCell.swift in Sources */ = {isa = PBXBuildFile; fileRef = 148316852886F07C00A90D72 /* SearchTableViewCell.swift */; };
		14A3229E288787170094FB20 /* TestTableViewController.swift in Sources */ = {isa = PBXBuildFile; fileRef = 14A3229D288787170094FB20 /* TestTableViewController.swift */; };
		14A322A0288787480094FB20 /* TestTableViewCell.swift in Sources */ = {isa = PBXBuildFile; fileRef = 14A3229F288787480094FB20 /* TestTableViewCell.swift */; };
		14A322A228878CA00094FB20 /* Moive.swift in Sources */ = {isa = PBXBuildFile; fileRef = 14A322A128878CA00094FB20 /* Moive.swift */; };
		14A322A4288795350094FB20 /* MovieInfo.swift in Sources */ = {isa = PBXBuildFile; fileRef = 14A322A3288795350094FB20 /* MovieInfo.swift */; };
		14A322A628879AA10094FB20 /* RecommandCollectionViewController.swift in Sources */ = {isa = PBXBuildFile; fileRef = 14A322A528879AA10094FB20 /* RecommandCollectionViewController.swift */; };
		14A322A828879DF60094FB20 /* RecommandCollectionViewCell.swift in Sources */ = {isa = PBXBuildFile; fileRef = 14A322A728879DF60094FB20 /* RecommandCollectionViewCell.swift */; };
		14A322AB2887AE500094FB20 /* Kingfisher in Frameworks */ = {isa = PBXBuildFile; productRef = 14A322AA2887AE500094FB20 /* Kingfisher */; };
		14A322AE2887AE650094FB20 /* Toast in Frameworks */ = {isa = PBXBuildFile; productRef = 14A322AD2887AE650094FB20 /* Toast */; };
		14BA74582886400C00E253CA /* Search.storyboard in Resources */ = {isa = PBXBuildFile; fileRef = 14BA74572886400C00E253CA /* Search.storyboard */; };
		14BA745A2886404300E253CA /* Trend.storyboard in Resources */ = {isa = PBXBuildFile; fileRef = 14BA74592886404300E253CA /* Trend.storyboard */; };
		14BA745C2886407A00E253CA /* Intro.storyboard in Resources */ = {isa = PBXBuildFile; fileRef = 14BA745B2886407A00E253CA /* Intro.storyboard */; };
		14BA745E288643FA00E253CA /* TrendViewController.swift in Sources */ = {isa = PBXBuildFile; fileRef = 14BA745D288643FA00E253CA /* TrendViewController.swift */; };
		14BA74602886440B00E253CA /* SearchViewController.swift in Sources */ = {isa = PBXBuildFile; fileRef = 14BA745F2886440B00E253CA /* SearchViewController.swift */; };
		14BA74622886453200E253CA /* UIViewController+Extenstion.swift in Sources */ = {isa = PBXBuildFile; fileRef = 14BA74612886453200E253CA /* UIViewController+Extenstion.swift */; };
		14BA74642886478E00E253CA /* UITextField+Extention.swift in Sources */ = {isa = PBXBuildFile; fileRef = 14BA74632886478E00E253CA /* UITextField+Extention.swift */; };
		14BA746628864B9800E253CA /* BucketlistTableViewController.swift in Sources */ = {isa = PBXBuildFile; fileRef = 14BA746528864B9800E253CA /* BucketlistTableViewController.swift */; };
		14BA746828864D9800E253CA /* BucketListTableViewCell.swift in Sources */ = {isa = PBXBuildFile; fileRef = 14BA746728864D9800E253CA /* BucketListTableViewCell.swift */; };
		14BA746A2886726100E253CA /* Shopping.storyboard in Resources */ = {isa = PBXBuildFile; fileRef = 14BA74692886726100E253CA /* Shopping.storyboard */; };
		14BA746C2886727400E253CA /* ShoppingTableViewController.swift in Sources */ = {isa = PBXBuildFile; fileRef = 14BA746B2886727400E253CA /* ShoppingTableViewController.swift */; };
		14BA746E288672BF00E253CA /* ShoppingTableViewCell.swift in Sources */ = {isa = PBXBuildFile; fileRef = 14BA746D288672BF00E253CA /* ShoppingTableViewCell.swift */; };
/* End PBXBuildFile section */

/* Begin PBXFileReference section */
		141039C92884DDEC00A122DD /* TrendMedia.app */ = {isa = PBXFileReference; explicitFileType = wrapper.application; includeInIndex = 0; path = TrendMedia.app; sourceTree = BUILT_PRODUCTS_DIR; };
		141039CC2884DDEC00A122DD /* AppDelegate.swift */ = {isa = PBXFileReference; lastKnownFileType = sourcecode.swift; path = AppDelegate.swift; sourceTree = "<group>"; };
		141039CE2884DDEC00A122DD /* SceneDelegate.swift */ = {isa = PBXFileReference; lastKnownFileType = sourcecode.swift; path = SceneDelegate.swift; sourceTree = "<group>"; };
		141039D02884DDEC00A122DD /* ViewController.swift */ = {isa = PBXFileReference; lastKnownFileType = sourcecode.swift; path = ViewController.swift; sourceTree = "<group>"; };
		141039D32884DDEC00A122DD /* Base */ = {isa = PBXFileReference; lastKnownFileType = file.storyboard; name = Base; path = Base.lproj/Main.storyboard; sourceTree = "<group>"; };
		141039D52884DDEE00A122DD /* Assets.xcassets */ = {isa = PBXFileReference; lastKnownFileType = folder.assetcatalog; path = Assets.xcassets; sourceTree = "<group>"; };
		141039D82884DDEE00A122DD /* Base */ = {isa = PBXFileReference; lastKnownFileType = file.storyboard; name = Base; path = Base.lproj/LaunchScreen.storyboard; sourceTree = "<group>"; };
		141039DA2884DDEE00A122DD /* Info.plist */ = {isa = PBXFileReference; lastKnownFileType = text.plist.xml; path = Info.plist; sourceTree = "<group>"; };
		141039E02884F10800A122DD /* Home.storyboard */ = {isa = PBXFileReference; lastKnownFileType = file.storyboard; path = Home.storyboard; sourceTree = "<group>"; };
		141039E22884FE3C00A122DD /* SettingTableViewController.swift */ = {isa = PBXFileReference; lastKnownFileType = sourcecode.swift; path = SettingTableViewController.swift; sourceTree = "<group>"; };
		141039E42885232200A122DD /* Setting.storyboard */ = {isa = PBXFileReference; lastKnownFileType = file.storyboard; path = Setting.storyboard; sourceTree = "<group>"; };
		141039E72885389700A122DD /* CaseTableViewController.swift */ = {isa = PBXFileReference; lastKnownFileType = sourcecode.swift; path = CaseTableViewController.swift; sourceTree = "<group>"; };
		1442820F2888E75000215F72 /* TrendTableViewController.swift */ = {isa = PBXFileReference; lastKnownFileType = sourcecode.swift; path = TrendTableViewController.swift; sourceTree = "<group>"; };
		148316832886F04800A90D72 /* SearchTableViewController.swift */ = {isa = PBXFileReference; lastKnownFileType = sourcecode.swift; path = SearchTableViewController.swift; sourceTree = "<group>"; };
		148316852886F07C00A90D72 /* SearchTableViewCell.swift */ = {isa = PBXFileReference; lastKnownFileType = sourcecode.swift; path = SearchTableViewCell.swift; sourceTree = "<group>"; };
		14A3229D288787170094FB20 /* TestTableViewController.swift */ = {isa = PBXFileReference; lastKnownFileType = sourcecode.swift; path = TestTableViewController.swift; sourceTree = "<group>"; };
		14A3229F288787480094FB20 /* TestTableViewCell.swift */ = {isa = PBXFileReference; lastKnownFileType = sourcecode.swift; path = TestTableViewCell.swift; sourceTree = "<group>"; };
		14A322A128878CA00094FB20 /* Moive.swift */ = {isa = PBXFileReference; lastKnownFileType = sourcecode.swift; path = Moive.swift; sourceTree = "<group>"; };
		14A322A3288795350094FB20 /* MovieInfo.swift */ = {isa = PBXFileReference; fileEncoding = 4; lastKnownFileType = sourcecode.swift; path = MovieInfo.swift; sourceTree = "<group>"; };
		14A322A528879AA10094FB20 /* RecommandCollectionViewController.swift */ = {isa = PBXFileReference; lastKnownFileType = sourcecode.swift; path = RecommandCollectionViewController.swift; sourceTree = "<group>"; };
		14A322A728879DF60094FB20 /* RecommandCollectionViewCell.swift */ = {isa = PBXFileReference; lastKnownFileType = sourcecode.swift; path = RecommandCollectionViewCell.swift; sourceTree = "<group>"; };
		14BA74572886400C00E253CA /* Search.storyboard */ = {isa = PBXFileReference; lastKnownFileType = file.storyboard; path = Search.storyboard; sourceTree = "<group>"; };
		14BA74592886404300E253CA /* Trend.storyboard */ = {isa = PBXFileReference; lastKnownFileType = file.storyboard; path = Trend.storyboard; sourceTree = "<group>"; };
		14BA745B2886407A00E253CA /* Intro.storyboard */ = {isa = PBXFileReference; lastKnownFileType = file.storyboard; path = Intro.storyboard; sourceTree = "<group>"; };
		14BA745D288643FA00E253CA /* TrendViewController.swift */ = {isa = PBXFileReference; lastKnownFileType = sourcecode.swift; path = TrendViewController.swift; sourceTree = "<group>"; };
		14BA745F2886440B00E253CA /* SearchViewController.swift */ = {isa = PBXFileReference; lastKnownFileType = sourcecode.swift; path = SearchViewController.swift; sourceTree = "<group>"; };
		14BA74612886453200E253CA /* UIViewController+Extenstion.swift */ = {isa = PBXFileReference; lastKnownFileType = sourcecode.swift; path = "UIViewController+Extenstion.swift"; sourceTree = "<group>"; };
		14BA74632886478E00E253CA /* UITextField+Extention.swift */ = {isa = PBXFileReference; lastKnownFileType = sourcecode.swift; path = "UITextField+Extention.swift"; sourceTree = "<group>"; };
		14BA746528864B9800E253CA /* BucketlistTableViewController.swift */ = {isa = PBXFileReference; lastKnownFileType = sourcecode.swift; path = BucketlistTableViewController.swift; sourceTree = "<group>"; };
		14BA746728864D9800E253CA /* BucketListTableViewCell.swift */ = {isa = PBXFileReference; lastKnownFileType = sourcecode.swift; path = BucketListTableViewCell.swift; sourceTree = "<group>"; };
		14BA74692886726100E253CA /* Shopping.storyboard */ = {isa = PBXFileReference; lastKnownFileType = file.storyboard; path = Shopping.storyboard; sourceTree = "<group>"; };
		14BA746B2886727400E253CA /* ShoppingTableViewController.swift */ = {isa = PBXFileReference; lastKnownFileType = sourcecode.swift; path = ShoppingTableViewController.swift; sourceTree = "<group>"; };
		14BA746D288672BF00E253CA /* ShoppingTableViewCell.swift */ = {isa = PBXFileReference; lastKnownFileType = sourcecode.swift; path = ShoppingTableViewCell.swift; sourceTree = "<group>"; };
/* End PBXFileReference section */

/* Begin PBXFrameworksBuildPhase section */
		141039C62884DDEC00A122DD /* Frameworks */ = {
			isa = PBXFrameworksBuildPhase;
			buildActionMask = 2147483647;
			files = (
				14A322AE2887AE650094FB20 /* Toast in Frameworks */,
				14A322AB2887AE500094FB20 /* Kingfisher in Frameworks */,
			);
			runOnlyForDeploymentPostprocessing = 0;
		};
/* End PBXFrameworksBuildPhase section */

/* Begin PBXGroup section */
		141039C02884DDEC00A122DD = {
			isa = PBXGroup;
			children = (
				14BA746F2886799000E253CA /* Shopping */,
				141039E62885234900A122DD /* Setting */,
				141039CB2884DDEC00A122DD /* TrendMedia */,
				141039CA2884DDEC00A122DD /* Products */,
			);
			sourceTree = "<group>";
		};
		141039CA2884DDEC00A122DD /* Products */ = {
			isa = PBXGroup;
			children = (
				141039C92884DDEC00A122DD /* TrendMedia.app */,
			);
			name = Products;
			sourceTree = "<group>";
		};
		141039CB2884DDEC00A122DD /* TrendMedia */ = {
			isa = PBXGroup;
			children = (
				141039CC2884DDEC00A122DD /* AppDelegate.swift */,
				141039CE2884DDEC00A122DD /* SceneDelegate.swift */,
				141039D02884DDEC00A122DD /* ViewController.swift */,
				141039D22884DDEC00A122DD /* Main.storyboard */,
				141039E02884F10800A122DD /* Home.storyboard */,
				141039E22884FE3C00A122DD /* SettingTableViewController.swift */,
				141039D52884DDEE00A122DD /* Assets.xcassets */,
				141039D72884DDEE00A122DD /* LaunchScreen.storyboard */,
				141039DA2884DDEE00A122DD /* Info.plist */,
			);
			path = TrendMedia;
			sourceTree = "<group>";
		};
		141039E62885234900A122DD /* Setting */ = {
			isa = PBXGroup;
			children = (
				14BA745B2886407A00E253CA /* Intro.storyboard */,
				14BA74632886478E00E253CA /* UITextField+Extention.swift */,
				141039E42885232200A122DD /* Setting.storyboard */,
				14A3229F288787480094FB20 /* TestTableViewCell.swift */,
				14A3229D288787170094FB20 /* TestTableViewController.swift */,
				14A322A128878CA00094FB20 /* Moive.swift */,
				14A322A3288795350094FB20 /* MovieInfo.swift */,
				141039E72885389700A122DD /* CaseTableViewController.swift */,
				14BA74572886400C00E253CA /* Search.storyboard */,
				148316852886F07C00A90D72 /* SearchTableViewCell.swift */,
				148316832886F04800A90D72 /* SearchTableViewController.swift */,
				14BA745F2886440B00E253CA /* SearchViewController.swift */,
				14BA74612886453200E253CA /* UIViewController+Extenstion.swift */,
				14BA74592886404300E253CA /* Trend.storyboard */,
				1442820F2888E75000215F72 /* TrendTableViewController.swift */,
				14A322A728879DF60094FB20 /* RecommandCollectionViewCell.swift */,
				14A322A528879AA10094FB20 /* RecommandCollectionViewController.swift */,
				14BA746528864B9800E253CA /* BucketlistTableViewController.swift */,
				14BA746728864D9800E253CA /* BucketListTableViewCell.swift */,
				14BA745D288643FA00E253CA /* TrendViewController.swift */,
			);
			path = Setting;
			sourceTree = "<group>";
		};
		14BA746F2886799000E253CA /* Shopping */ = {
			isa = PBXGroup;
			children = (
				14BA74692886726100E253CA /* Shopping.storyboard */,
				14BA746B2886727400E253CA /* ShoppingTableViewController.swift */,
				14BA746D288672BF00E253CA /* ShoppingTableViewCell.swift */,
			);
			path = Shopping;
			sourceTree = "<group>";
		};
/* End PBXGroup section */

/* Begin PBXNativeTarget section */
		141039C82884DDEC00A122DD /* TrendMedia */ = {
			isa = PBXNativeTarget;
			buildConfigurationList = 141039DD2884DDEE00A122DD /* Build configuration list for PBXNativeTarget "TrendMedia" */;
			buildPhases = (
				141039C52884DDEC00A122DD /* Sources */,
				141039C62884DDEC00A122DD /* Frameworks */,
				141039C72884DDEC00A122DD /* Resources */,
			);
			buildRules = (
			);
			dependencies = (
			);
			name = TrendMedia;
			packageProductDependencies = (
				14A322AA2887AE500094FB20 /* Kingfisher */,
				14A322AD2887AE650094FB20 /* Toast */,
			);
			productName = TrendMedia;
			productReference = 141039C92884DDEC00A122DD /* TrendMedia.app */;
			productType = "com.apple.product-type.application";
		};
/* End PBXNativeTarget section */

/* Begin PBXProject section */
		141039C12884DDEC00A122DD /* Project object */ = {
			isa = PBXProject;
			attributes = {
				BuildIndependentTargetsInParallel = 1;
				LastSwiftUpdateCheck = 1340;
				LastUpgradeCheck = 1340;
				TargetAttributes = {
					141039C82884DDEC00A122DD = {
						CreatedOnToolsVersion = 13.4.1;
					};
				};
			};
			buildConfigurationList = 141039C42884DDEC00A122DD /* Build configuration list for PBXProject "TrendMedia" */;
			compatibilityVersion = "Xcode 13.0";
			developmentRegion = en;
			hasScannedForEncodings = 0;
			knownRegions = (
				en,
				Base,
			);
			mainGroup = 141039C02884DDEC00A122DD;
			packageReferences = (
				14A322A92887AE500094FB20 /* XCRemoteSwiftPackageReference "Kingfisher" */,
				14A322AC2887AE650094FB20 /* XCRemoteSwiftPackageReference "Toast-Swift" */,
			);
			productRefGroup = 141039CA2884DDEC00A122DD /* Products */;
			projectDirPath = "";
			projectRoot = "";
			targets = (
				141039C82884DDEC00A122DD /* TrendMedia */,
			);
		};
/* End PBXProject section */

/* Begin PBXResourcesBuildPhase section */
		141039C72884DDEC00A122DD /* Resources */ = {
			isa = PBXResourcesBuildPhase;
			buildActionMask = 2147483647;
			files = (
				14BA745A2886404300E253CA /* Trend.storyboard in Resources */,
				141039D92884DDEE00A122DD /* LaunchScreen.storyboard in Resources */,
				141039D62884DDEE00A122DD /* Assets.xcassets in Resources */,
				14BA745C2886407A00E253CA /* Intro.storyboard in Resources */,
				141039E52885232200A122DD /* Setting.storyboard in Resources */,
				141039D42884DDEC00A122DD /* Main.storyboard in Resources */,
				14BA746A2886726100E253CA /* Shopping.storyboard in Resources */,
				14BA74582886400C00E253CA /* Search.storyboard in Resources */,
				141039E12884F10800A122DD /* Home.storyboard in Resources */,
			);
			runOnlyForDeploymentPostprocessing = 0;
		};
/* End PBXResourcesBuildPhase section */

/* Begin PBXSourcesBuildPhase section */
		141039C52884DDEC00A122DD /* Sources */ = {
			isa = PBXSourcesBuildPhase;
			buildActionMask = 2147483647;
			files = (
				14A322A228878CA00094FB20 /* Moive.swift in Sources */,
				14A322A4288795350094FB20 /* MovieInfo.swift in Sources */,
				141039E82885389700A122DD /* CaseTableViewController.swift in Sources */,
				14BA746E288672BF00E253CA /* ShoppingTableViewCell.swift in Sources */,
				14BA746C2886727400E253CA /* ShoppingTableViewController.swift in Sources */,
				148316842886F04800A90D72 /* SearchTableViewController.swift in Sources */,
				14A322A0288787480094FB20 /* TestTableViewCell.swift in Sources */,
				14BA746828864D9800E253CA /* BucketListTableViewCell.swift in Sources */,
				14BA74602886440B00E253CA /* SearchViewController.swift in Sources */,
				141039E32884FE3C00A122DD /* SettingTableViewController.swift in Sources */,
				141039D12884DDEC00A122DD /* ViewController.swift in Sources */,
				14A322A628879AA10094FB20 /* RecommandCollectionViewController.swift in Sources */,
				141039CD2884DDEC00A122DD /* AppDelegate.swift in Sources */,
				144282102888E75000215F72 /* TrendTableViewController.swift in Sources */,
				148316862886F07C00A90D72 /* SearchTableViewCell.swift in Sources */,
				14BA745E288643FA00E253CA /* TrendViewController.swift in Sources */,
				141039CF2884DDEC00A122DD /* SceneDelegate.swift in Sources */,
				14BA746628864B9800E253CA /* BucketlistTableViewController.swift in Sources */,
				14BA74642886478E00E253CA /* UITextField+Extention.swift in Sources */,
				14BA74622886453200E253CA /* UIViewController+Extenstion.swift in Sources */,
				14A322A828879DF60094FB20 /* RecommandCollectionViewCell.swift in Sources */,
				14A3229E288787170094FB20 /* TestTableViewController.swift in Sources */,
			);
			runOnlyForDeploymentPostprocessing = 0;
		};
/* End PBXSourcesBuildPhase section */

/* Begin PBXVariantGroup section */
		141039D22884DDEC00A122DD /* Main.storyboard */ = {
			isa = PBXVariantGroup;
			children = (
				141039D32884DDEC00A122DD /* Base */,
			);
			name = Main.storyboard;
			sourceTree = "<group>";
		};
		141039D72884DDEE00A122DD /* LaunchScreen.storyboard */ = {
			isa = PBXVariantGroup;
			children = (
				141039D82884DDEE00A122DD /* Base */,
			);
			name = LaunchScreen.storyboard;
			sourceTree = "<group>";
		};
/* End PBXVariantGroup section */

/* Begin XCBuildConfiguration section */
		141039DB2884DDEE00A122DD /* Debug */ = {
			isa = XCBuildConfiguration;
			buildSettings = {
				ALWAYS_SEARCH_USER_PATHS = NO;
				CLANG_ANALYZER_NONNULL = YES;
				CLANG_ANALYZER_NUMBER_OBJECT_CONVERSION = YES_AGGRESSIVE;
				CLANG_CXX_LANGUAGE_STANDARD = "gnu++17";
				CLANG_ENABLE_MODULES = YES;
				CLANG_ENABLE_OBJC_ARC = YES;
				CLANG_ENABLE_OBJC_WEAK = YES;
				CLANG_WARN_BLOCK_CAPTURE_AUTORELEASING = YES;
				CLANG_WARN_BOOL_CONVERSION = YES;
				CLANG_WARN_COMMA = YES;
				CLANG_WARN_CONSTANT_CONVERSION = YES;
				CLANG_WARN_DEPRECATED_OBJC_IMPLEMENTATIONS = YES;
				CLANG_WARN_DIRECT_OBJC_ISA_USAGE = YES_ERROR;
				CLANG_WARN_DOCUMENTATION_COMMENTS = YES;
				CLANG_WARN_EMPTY_BODY = YES;
				CLANG_WARN_ENUM_CONVERSION = YES;
				CLANG_WARN_INFINITE_RECURSION = YES;
				CLANG_WARN_INT_CONVERSION = YES;
				CLANG_WARN_NON_LITERAL_NULL_CONVERSION = YES;
				CLANG_WARN_OBJC_IMPLICIT_RETAIN_SELF = YES;
				CLANG_WARN_OBJC_LITERAL_CONVERSION = YES;
				CLANG_WARN_OBJC_ROOT_CLASS = YES_ERROR;
				CLANG_WARN_QUOTED_INCLUDE_IN_FRAMEWORK_HEADER = YES;
				CLANG_WARN_RANGE_LOOP_ANALYSIS = YES;
				CLANG_WARN_STRICT_PROTOTYPES = YES;
				CLANG_WARN_SUSPICIOUS_MOVE = YES;
				CLANG_WARN_UNGUARDED_AVAILABILITY = YES_AGGRESSIVE;
				CLANG_WARN_UNREACHABLE_CODE = YES;
				CLANG_WARN__DUPLICATE_METHOD_MATCH = YES;
				COPY_PHASE_STRIP = NO;
				DEBUG_INFORMATION_FORMAT = dwarf;
				ENABLE_STRICT_OBJC_MSGSEND = YES;
				ENABLE_TESTABILITY = YES;
				GCC_C_LANGUAGE_STANDARD = gnu11;
				GCC_DYNAMIC_NO_PIC = NO;
				GCC_NO_COMMON_BLOCKS = YES;
				GCC_OPTIMIZATION_LEVEL = 0;
				GCC_PREPROCESSOR_DEFINITIONS = (
					"DEBUG=1",
					"$(inherited)",
				);
				GCC_WARN_64_TO_32_BIT_CONVERSION = YES;
				GCC_WARN_ABOUT_RETURN_TYPE = YES_ERROR;
				GCC_WARN_UNDECLARED_SELECTOR = YES;
				GCC_WARN_UNINITIALIZED_AUTOS = YES_AGGRESSIVE;
				GCC_WARN_UNUSED_FUNCTION = YES;
				GCC_WARN_UNUSED_VARIABLE = YES;
				IPHONEOS_DEPLOYMENT_TARGET = 15.5;
				MTL_ENABLE_DEBUG_INFO = INCLUDE_SOURCE;
				MTL_FAST_MATH = YES;
				ONLY_ACTIVE_ARCH = YES;
				SDKROOT = iphoneos;
				SWIFT_ACTIVE_COMPILATION_CONDITIONS = DEBUG;
				SWIFT_OPTIMIZATION_LEVEL = "-Onone";
			};
			name = Debug;
		};
		141039DC2884DDEE00A122DD /* Release */ = {
			isa = XCBuildConfiguration;
			buildSettings = {
				ALWAYS_SEARCH_USER_PATHS = NO;
				CLANG_ANALYZER_NONNULL = YES;
				CLANG_ANALYZER_NUMBER_OBJECT_CONVERSION = YES_AGGRESSIVE;
				CLANG_CXX_LANGUAGE_STANDARD = "gnu++17";
				CLANG_ENABLE_MODULES = YES;
				CLANG_ENABLE_OBJC_ARC = YES;
				CLANG_ENABLE_OBJC_WEAK = YES;
				CLANG_WARN_BLOCK_CAPTURE_AUTORELEASING = YES;
				CLANG_WARN_BOOL_CONVERSION = YES;
				CLANG_WARN_COMMA = YES;
				CLANG_WARN_CONSTANT_CONVERSION = YES;
				CLANG_WARN_DEPRECATED_OBJC_IMPLEMENTATIONS = YES;
				CLANG_WARN_DIRECT_OBJC_ISA_USAGE = YES_ERROR;
				CLANG_WARN_DOCUMENTATION_COMMENTS = YES;
				CLANG_WARN_EMPTY_BODY = YES;
				CLANG_WARN_ENUM_CONVERSION = YES;
				CLANG_WARN_INFINITE_RECURSION = YES;
				CLANG_WARN_INT_CONVERSION = YES;
				CLANG_WARN_NON_LITERAL_NULL_CONVERSION = YES;
				CLANG_WARN_OBJC_IMPLICIT_RETAIN_SELF = YES;
				CLANG_WARN_OBJC_LITERAL_CONVERSION = YES;
				CLANG_WARN_OBJC_ROOT_CLASS = YES_ERROR;
				CLANG_WARN_QUOTED_INCLUDE_IN_FRAMEWORK_HEADER = YES;
				CLANG_WARN_RANGE_LOOP_ANALYSIS = YES;
				CLANG_WARN_STRICT_PROTOTYPES = YES;
				CLANG_WARN_SUSPICIOUS_MOVE = YES;
				CLANG_WARN_UNGUARDED_AVAILABILITY = YES_AGGRESSIVE;
				CLANG_WARN_UNREACHABLE_CODE = YES;
				CLANG_WARN__DUPLICATE_METHOD_MATCH = YES;
				COPY_PHASE_STRIP = NO;
				DEBUG_INFORMATION_FORMAT = "dwarf-with-dsym";
				ENABLE_NS_ASSERTIONS = NO;
				ENABLE_STRICT_OBJC_MSGSEND = YES;
				GCC_C_LANGUAGE_STANDARD = gnu11;
				GCC_NO_COMMON_BLOCKS = YES;
				GCC_WARN_64_TO_32_BIT_CONVERSION = YES;
				GCC_WARN_ABOUT_RETURN_TYPE = YES_ERROR;
				GCC_WARN_UNDECLARED_SELECTOR = YES;
				GCC_WARN_UNINITIALIZED_AUTOS = YES_AGGRESSIVE;
				GCC_WARN_UNUSED_FUNCTION = YES;
				GCC_WARN_UNUSED_VARIABLE = YES;
				IPHONEOS_DEPLOYMENT_TARGET = 15.5;
				MTL_ENABLE_DEBUG_INFO = NO;
				MTL_FAST_MATH = YES;
				SDKROOT = iphoneos;
				SWIFT_COMPILATION_MODE = wholemodule;
				SWIFT_OPTIMIZATION_LEVEL = "-O";
				VALIDATE_PRODUCT = YES;
			};
			name = Release;
		};
		141039DE2884DDEE00A122DD /* Debug */ = {
			isa = XCBuildConfiguration;
			buildSettings = {
				ASSETCATALOG_COMPILER_APPICON_NAME = AppIcon;
				ASSETCATALOG_COMPILER_GLOBAL_ACCENT_COLOR_NAME = AccentColor;
				CODE_SIGN_STYLE = Automatic;
				CURRENT_PROJECT_VERSION = 1;
				GENERATE_INFOPLIST_FILE = YES;
				INFOPLIST_FILE = TrendMedia/Info.plist;
				INFOPLIST_KEY_UIApplicationSupportsIndirectInputEvents = YES;
				INFOPLIST_KEY_UILaunchStoryboardName = LaunchScreen;
				INFOPLIST_KEY_UIMainStoryboardFile = Search;
				INFOPLIST_KEY_UISupportedInterfaceOrientations_iPad = "UIInterfaceOrientationPortrait UIInterfaceOrientationPortraitUpsideDown UIInterfaceOrientationLandscapeLeft UIInterfaceOrientationLandscapeRight";
				INFOPLIST_KEY_UISupportedInterfaceOrientations_iPhone = "UIInterfaceOrientationPortrait UIInterfaceOrientationLandscapeLeft UIInterfaceOrientationLandscapeRight";
				LD_RUNPATH_SEARCH_PATHS = (
					"$(inherited)",
					"@executable_path/Frameworks",
				);
				MARKETING_VERSION = 1.0;
				PRODUCT_BUNDLE_IDENTIFIER = idhun90.TrendMedia;
				PRODUCT_NAME = "$(TARGET_NAME)";
				SWIFT_EMIT_LOC_STRINGS = YES;
				SWIFT_VERSION = 5.0;
				TARGETED_DEVICE_FAMILY = "1,2";
			};
			name = Debug;
		};
		141039DF2884DDEE00A122DD /* Release */ = {
			isa = XCBuildConfiguration;
			buildSettings = {
				ASSETCATALOG_COMPILER_APPICON_NAME = AppIcon;
				ASSETCATALOG_COMPILER_GLOBAL_ACCENT_COLOR_NAME = AccentColor;
				CODE_SIGN_STYLE = Automatic;
				CURRENT_PROJECT_VERSION = 1;
				GENERATE_INFOPLIST_FILE = YES;
				INFOPLIST_FILE = TrendMedia/Info.plist;
				INFOPLIST_KEY_UIApplicationSupportsIndirectInputEvents = YES;
				INFOPLIST_KEY_UILaunchStoryboardName = LaunchScreen;
				INFOPLIST_KEY_UIMainStoryboardFile = Search;
				INFOPLIST_KEY_UISupportedInterfaceOrientations_iPad = "UIInterfaceOrientationPortrait UIInterfaceOrientationPortraitUpsideDown UIInterfaceOrientationLandscapeLeft UIInterfaceOrientationLandscapeRight";
				INFOPLIST_KEY_UISupportedInterfaceOrientations_iPhone = "UIInterfaceOrientationPortrait UIInterfaceOrientationLandscapeLeft UIInterfaceOrientationLandscapeRight";
				LD_RUNPATH_SEARCH_PATHS = (
					"$(inherited)",
					"@executable_path/Frameworks",
				);
				MARKETING_VERSION = 1.0;
				PRODUCT_BUNDLE_IDENTIFIER = idhun90.TrendMedia;
				PRODUCT_NAME = "$(TARGET_NAME)";
				SWIFT_EMIT_LOC_STRINGS = YES;
				SWIFT_VERSION = 5.0;
				TARGETED_DEVICE_FAMILY = "1,2";
			};
			name = Release;
		};
/* End XCBuildConfiguration section */

/* Begin XCConfigurationList section */
		141039C42884DDEC00A122DD /* Build configuration list for PBXProject "TrendMedia" */ = {
			isa = XCConfigurationList;
			buildConfigurations = (
				141039DB2884DDEE00A122DD /* Debug */,
				141039DC2884DDEE00A122DD /* Release */,
			);
			defaultConfigurationIsVisible = 0;
			defaultConfigurationName = Release;
		};
		141039DD2884DDEE00A122DD /* Build configuration list for PBXNativeTarget "TrendMedia" */ = {
			isa = XCConfigurationList;
			buildConfigurations = (
				141039DE2884DDEE00A122DD /* Debug */,
				141039DF2884DDEE00A122DD /* Release */,
			);
			defaultConfigurationIsVisible = 0;
			defaultConfigurationName = Release;
		};
/* End XCConfigurationList section */

/* Begin XCRemoteSwiftPackageReference section */
		14A322A92887AE500094FB20 /* XCRemoteSwiftPackageReference "Kingfisher" */ = {
			isa = XCRemoteSwiftPackageReference;
			repositoryURL = "https://github.com/onevcat/Kingfisher.git";
			requirement = {
				kind = upToNextMajorVersion;
				minimumVersion = 7.0.0;
			};
		};
		14A322AC2887AE650094FB20 /* XCRemoteSwiftPackageReference "Toast-Swift" */ = {
			isa = XCRemoteSwiftPackageReference;
			repositoryURL = "https://github.com/scalessec/Toast-Swift.git";
			requirement = {
				kind = upToNextMajorVersion;
				minimumVersion = 5.0.0;
			};
		};
/* End XCRemoteSwiftPackageReference section */

/* Begin XCSwiftPackageProductDependency section */
		14A322AA2887AE500094FB20 /* Kingfisher */ = {
			isa = XCSwiftPackageProductDependency;
			package = 14A322A92887AE500094FB20 /* XCRemoteSwiftPackageReference "Kingfisher" */;
			productName = Kingfisher;
		};
		14A322AD2887AE650094FB20 /* Toast */ = {
			isa = XCSwiftPackageProductDependency;
			package = 14A322AC2887AE650094FB20 /* XCRemoteSwiftPackageReference "Toast-Swift" */;
			productName = Toast;
		};
/* End XCSwiftPackageProductDependency section */
	};
	rootObject = 141039C12884DDEC00A122DD /* Project object */;
}
